
Microsoft Visual Studio Solution File, Format Version 12.00
# Visual Studio 14
VisualStudioVersion = 14.0.25123.0
MinimumVisualStudioVersion = 10.0.40219.1
Project("{2150E333-8FDC-42A3-9474-1A3956D46DE8}") = "Project", "Project", "{DD00DD7C-0C96-49C2-B531-D324EC1E3CC1}"
EndProject
Project("{2150E333-8FDC-42A3-9474-1A3956D46DE8}") = "Tests", "Tests", "{413164C9-ADC1-43DA-9627-6A730006C973}"
EndProject
Project("{2150E333-8FDC-42A3-9474-1A3956D46DE8}") = "Library", "Library", "{73ABA579-B080-4AD9-A41D-EE0E938130A4}"
EndProject
Project("{FAE04EC0-301F-11D3-BF4B-00C04F79EFBC}") = "Core", "Library\Core\Core.csproj", "{62787059-1CE7-400E-9F16-4F501EB2E1A0}"
EndProject
Project("{FAE04EC0-301F-11D3-BF4B-00C04F79EFBC}") = "Services", "Library\Services\Services.csproj", "{1DED2AF5-AFF7-4676-BE82-BA1E4CE36F43}"
EndProject
Project("{FAE04EC0-301F-11D3-BF4B-00C04F79EFBC}") = "Logger", "Project\Logger\Logger.csproj", "{16B0FAD3-25F6-42F4-A5E0-2DE00B8D15FE}"
EndProject
Project("{FAE04EC0-301F-11D3-BF4B-00C04F79EFBC}") = "Inscoo", "Project\Inscoo\Inscoo.csproj", "{0B8B2463-8E72-4CED-8ACB-35F24345B512}"
EndProject
Project("{FAE04EC0-301F-11D3-BF4B-00C04F79EFBC}") = "FileSystem", "Project\FileSystem\FileSystem.csproj", "{AFE05371-203C-4501-9E56-F8DB6F24D04B}"
EndProject
Project("{FAE04EC0-301F-11D3-BF4B-00C04F79EFBC}") = "FileSystem.Tests", "Tests\FileSystem.Tests\FileSystem.Tests.csproj", "{32A34197-2B70-46BA-8636-666DE36AA816}"
EndProject
Project("{FAE04EC0-301F-11D3-BF4B-00C04F79EFBC}") = "Inscoo.Tests", "Tests\Inscoo.Tests\Inscoo.Tests.csproj", "{C611D183-CF51-41ED-BEA4-D48512B39517}"
EndProject
Project("{FAE04EC0-301F-11D3-BF4B-00C04F79EFBC}") = "Domain", "Library\Domain\Domain.csproj", "{F3624691-07E6-4D43-810B-8C30D59941FB}"
EndProject
Project("{FAE04EC0-301F-11D3-BF4B-00C04F79EFBC}") = "Logger.Tests", "Tests\Logger.Tests\Logger.Tests.csproj", "{231122A4-E071-4B92-95D9-5EE52A81625F}"
EndProject
Project("{FAE04EC0-301F-11D3-BF4B-00C04F79EFBC}") = "Models", "Library\Models\Models.csproj", "{7634AF9E-CF5F-4025-88D6-2656B0C0576E}"
EndProject
Global
	GlobalSection(SolutionConfigurationPlatforms) = preSolution
		Debug|Any CPU = Debug|Any CPU
		Release|Any CPU = Release|Any CPU
	EndGlobalSection
	GlobalSection(ProjectConfigurationPlatforms) = postSolution
		{62787059-1CE7-400E-9F16-4F501EB2E1A0}.Debug|Any CPU.ActiveCfg = Debug|Any CPU
		{62787059-1CE7-400E-9F16-4F501EB2E1A0}.Debug|Any CPU.Build.0 = Debug|Any CPU
		{62787059-1CE7-400E-9F16-4F501EB2E1A0}.Release|Any CPU.ActiveCfg = Release|Any CPU
		{62787059-1CE7-400E-9F16-4F501EB2E1A0}.Release|Any CPU.Build.0 = Release|Any CPU
		{1DED2AF5-AFF7-4676-BE82-BA1E4CE36F43}.Debug|Any CPU.ActiveCfg = Debug|Any CPU
		{1DED2AF5-AFF7-4676-BE82-BA1E4CE36F43}.Debug|Any CPU.Build.0 = Debug|Any CPU
		{1DED2AF5-AFF7-4676-BE82-BA1E4CE36F43}.Release|Any CPU.ActiveCfg = Release|Any CPU
		{1DED2AF5-AFF7-4676-BE82-BA1E4CE36F43}.Release|Any CPU.Build.0 = Release|Any CPU
		{16B0FAD3-25F6-42F4-A5E0-2DE00B8D15FE}.Debug|Any CPU.ActiveCfg = Debug|Any CPU
		{16B0FAD3-25F6-42F4-A5E0-2DE00B8D15FE}.Debug|Any CPU.Build.0 = Debug|Any CPU
		{16B0FAD3-25F6-42F4-A5E0-2DE00B8D15FE}.Release|Any CPU.ActiveCfg = Release|Any CPU
		{16B0FAD3-25F6-42F4-A5E0-2DE00B8D15FE}.Release|Any CPU.Build.0 = Release|Any CPU
		{0B8B2463-8E72-4CED-8ACB-35F24345B512}.Debug|Any CPU.ActiveCfg = Debug|Any CPU
		{0B8B2463-8E72-4CED-8ACB-35F24345B512}.Debug|Any CPU.Build.0 = Debug|Any CPU
		{0B8B2463-8E72-4CED-8ACB-35F24345B512}.Release|Any CPU.ActiveCfg = Release|Any CPU
		{0B8B2463-8E72-4CED-8ACB-35F24345B512}.Release|Any CPU.Build.0 = Release|Any CPU
		{AFE05371-203C-4501-9E56-F8DB6F24D04B}.Debug|Any CPU.ActiveCfg = Debug|Any CPU
		{AFE05371-203C-4501-9E56-F8DB6F24D04B}.Debug|Any CPU.Build.0 = Debug|Any CPU
		{AFE05371-203C-4501-9E56-F8DB6F24D04B}.Release|Any CPU.ActiveCfg = Release|Any CPU
		{AFE05371-203C-4501-9E56-F8DB6F24D04B}.Release|Any CPU.Build.0 = Release|Any CPU
		{32A34197-2B70-46BA-8636-666DE36AA816}.Debug|Any CPU.ActiveCfg = Debug|Any CPU
		{32A34197-2B70-46BA-8636-666DE36AA816}.Debug|Any CPU.Build.0 = Debug|Any CPU
		{32A34197-2B70-46BA-8636-666DE36AA816}.Release|Any CPU.ActiveCfg = Release|Any CPU
		{32A34197-2B70-46BA-8636-666DE36AA816}.Release|Any CPU.Build.0 = Release|Any CPU
		{C611D183-CF51-41ED-BEA4-D48512B39517}.Debug|Any CPU.ActiveCfg = Debug|Any CPU
		{C611D183-CF51-41ED-BEA4-D48512B39517}.Debug|Any CPU.Build.0 = Debug|Any CPU
		{C611D183-CF51-41ED-BEA4-D48512B39517}.Release|Any CPU.ActiveCfg = Release|Any CPU
		{C611D183-CF51-41ED-BEA4-D48512B39517}.Release|Any CPU.Build.0 = Release|Any CPU
		{F3624691-07E6-4D43-810B-8C30D59941FB}.Debug|Any CPU.ActiveCfg = Debug|Any CPU
		{F3624691-07E6-4D43-810B-8C30D59941FB}.Debug|Any CPU.Build.0 = Debug|Any CPU
		{F3624691-07E6-4D43-810B-8C30D59941FB}.Release|Any CPU.ActiveCfg = Release|Any CPU
		{F3624691-07E6-4D43-810B-8C30D59941FB}.Release|Any CPU.Build.0 = Release|Any CPU
		{231122A4-E071-4B92-95D9-5EE52A81625F}.Debug|Any CPU.ActiveCfg = Debug|Any CPU
		{231122A4-E071-4B92-95D9-5EE52A81625F}.Debug|Any CPU.Build.0 = Debug|Any CPU
		{231122A4-E071-4B92-95D9-5EE52A81625F}.Release|Any CPU.ActiveCfg = Release|Any CPU
		{231122A4-E071-4B92-95D9-5EE52A81625F}.Release|Any CPU.Build.0 = Release|Any CPU
		{7634AF9E-CF5F-4025-88D6-2656B0C0576E}.Debug|Any CPU.ActiveCfg = Debug|Any CPU
		{7634AF9E-CF5F-4025-88D6-2656B0C0576E}.Debug|Any CPU.Build.0 = Debug|Any CPU
		{7634AF9E-CF5F-4025-88D6-2656B0C0576E}.Release|Any CPU.ActiveCfg = Release|Any CPU
		{7634AF9E-CF5F-4025-88D6-2656B0C0576E}.Release|Any CPU.Build.0 = Release|Any CPU
	EndGlobalSection
	GlobalSection(SolutionProperties) = preSolution
		HideSolutionNode = FALSE
	EndGlobalSection
	GlobalSection(NestedProjects) = preSolution
		{62787059-1CE7-400E-9F16-4F501EB2E1A0} = {73ABA579-B080-4AD9-A41D-EE0E938130A4}
		{1DED2AF5-AFF7-4676-BE82-BA1E4CE36F43} = {73ABA579-B080-4AD9-A41D-EE0E938130A4}
		{16B0FAD3-25F6-42F4-A5E0-2DE00B8D15FE} = {DD00DD7C-0C96-49C2-B531-D324EC1E3CC1}
		{0B8B2463-8E72-4CED-8ACB-35F24345B512} = {DD00DD7C-0C96-49C2-B531-D324EC1E3CC1}
		{AFE05371-203C-4501-9E56-F8DB6F24D04B} = {DD00DD7C-0C96-49C2-B531-D324EC1E3CC1}
		{32A34197-2B70-46BA-8636-666DE36AA816} = {413164C9-ADC1-43DA-9627-6A730006C973}
		{C611D183-CF51-41ED-BEA4-D48512B39517} = {413164C9-ADC1-43DA-9627-6A730006C973}
		{F3624691-07E6-4D43-810B-8C30D59941FB} = {73ABA579-B080-4AD9-A41D-EE0E938130A4}
		{231122A4-E071-4B92-95D9-5EE52A81625F} = {413164C9-ADC1-43DA-9627-6A730006C973}
		{7634AF9E-CF5F-4025-88D6-2656B0C0576E} = {73ABA579-B080-4AD9-A41D-EE0E938130A4}
	EndGlobalSection
EndGlobal
